// !$*UTF8*$!
{
	archiveVersion = 1;
	classes = {
	};
	objectVersion = 46;
	objects = {

/* Begin PBXBuildFile section */
		1617CA9A195A859C00F0A4D5 /* main.m in Sources */ = {isa = PBXBuildFile; fileRef = 1617CA99195A859C00F0A4D5 /* main.m */; };
		1617CA9D195A859C00F0A4D5 /* AppDelegate.m in Sources */ = {isa = PBXBuildFile; fileRef = 1617CA9C195A859C00F0A4D5 /* AppDelegate.m */; };
		1617CAA0195A859C00F0A4D5 /* WebTableView.xcdatamodeld in Sources */ = {isa = PBXBuildFile; fileRef = 1617CA9E195A859C00F0A4D5 /* WebTableView.xcdatamodeld */; };
		1617CAA3195A859C00F0A4D5 /* ViewController.m in Sources */ = {isa = PBXBuildFile; fileRef = 1617CAA2195A859C00F0A4D5 /* ViewController.m */; };
		1617CAA6195A859C00F0A4D5 /* Main.storyboard in Resources */ = {isa = PBXBuildFile; fileRef = 1617CAA4195A859C00F0A4D5 /* Main.storyboard */; };
		1617CAA8195A859C00F0A4D5 /* Images.xcassets in Resources */ = {isa = PBXBuildFile; fileRef = 1617CAA7195A859C00F0A4D5 /* Images.xcassets */; };
		1617CAB4195A859C00F0A4D5 /* WebTableViewTests.m in Sources */ = {isa = PBXBuildFile; fileRef = 1617CAB3195A859C00F0A4D5 /* WebTableViewTests.m */; };
/* End PBXBuildFile section */

/* Begin PBXContainerItemProxy section */
		1617CAAE195A859C00F0A4D5 /* PBXContainerItemProxy */ = {
			isa = PBXContainerItemProxy;
			containerPortal = 1617CA8C195A859C00F0A4D5 /* Project object */;
			proxyType = 1;
			remoteGlobalIDString = 1617CA93195A859C00F0A4D5;
			remoteInfo = WebTableView;
		};
/* End PBXContainerItemProxy section */

/* Begin PBXFileReference section */
		1617CA94195A859C00F0A4D5 /* WebTableView.app */ = {isa = PBXFileReference; explicitFileType = wrapper.application; includeInIndex = 0; path = WebTableView.app; sourceTree = BUILT_PRODUCTS_DIR; };
		1617CA98195A859C00F0A4D5 /* Info.plist */ = {isa = PBXFileReference; lastKnownFileType = text.plist.xml; path = Info.plist; sourceTree = "<group>"; };
		1617CA99195A859C00F0A4D5 /* main.m */ = {isa = PBXFileReference; lastKnownFileType = sourcecode.c.objc; path = main.m; sourceTree = "<group>"; };
		1617CA9B195A859C00F0A4D5 /* AppDelegate.h */ = {isa = PBXFileReference; lastKnownFileType = sourcecode.c.h; path = AppDelegate.h; sourceTree = "<group>"; };
		1617CA9C195A859C00F0A4D5 /* AppDelegate.m */ = {isa = PBXFileReference; lastKnownFileType = sourcecode.c.objc; path = AppDelegate.m; sourceTree = "<group>"; };
		1617CA9F195A859C00F0A4D5 /* WebTableView.xcdatamodel */ = {isa = PBXFileReference; lastKnownFileType = wrapper.xcdatamodel; path = WebTableView.xcdatamodel; sourceTree = "<group>"; };
		1617CAA1195A859C00F0A4D5 /* ViewController.h */ = {isa = PBXFileReference; lastKnownFileType = sourcecode.c.h; path = ViewController.h; sourceTree = "<group>"; };
		1617CAA2195A859C00F0A4D5 /* ViewController.m */ = {isa = PBXFileReference; lastKnownFileType = sourcecode.c.objc; path = ViewController.m; sourceTree = "<group>"; };
		1617CAA5195A859C00F0A4D5 /* Base */ = {isa = PBXFileReference; lastKnownFileType = file.storyboard; name = Base; path = Base.lproj/Main.storyboard; sourceTree = "<group>"; };
		1617CAA7195A859C00F0A4D5 /* Images.xcassets */ = {isa = PBXFileReference; lastKnownFileType = folder.assetcatalog; path = Images.xcassets; sourceTree = "<group>"; };
		1617CAAD195A859C00F0A4D5 /* WebTableViewTests.xctest */ = {isa = PBXFileReference; explicitFileType = wrapper.cfbundle; includeInIndex = 0; path = WebTableViewTests.xctest; sourceTree = BUILT_PRODUCTS_DIR; };
		1617CAB2195A859C00F0A4D5 /* Info.plist */ = {isa = PBXFileReference; lastKnownFileType = text.plist.xml; path = Info.plist; sourceTree = "<group>"; };
		1617CAB3195A859C00F0A4D5 /* WebTableViewTests.m */ = {isa = PBXFileReference; lastKnownFileType = sourcecode.c.objc; path = WebTableViewTests.m; sourceTree = "<group>"; };
/* End PBXFileReference section */

/* Begin PBXFrameworksBuildPhase section */
		1617CA91195A859C00F0A4D5 /* Frameworks */ = {
			isa = PBXFrameworksBuildPhase;
			buildActionMask = 2147483647;
			files = (
			);
			runOnlyForDeploymentPostprocessing = 0;
		};
		1617CAAA195A859C00F0A4D5 /* Frameworks */ = {
			isa = PBXFrameworksBuildPhase;
			buildActionMask = 2147483647;
			files = (
			);
			runOnlyForDeploymentPostprocessing = 0;
		};
/* End PBXFrameworksBuildPhase section */

/* Begin PBXGroup section */
		1617CA8B195A859C00F0A4D5 = {
			isa = PBXGroup;
			children = (
				1617CA96195A859C00F0A4D5 /* WebTableView */,
				1617CAB0195A859C00F0A4D5 /* WebTableViewTests */,
				1617CA95195A859C00F0A4D5 /* Products */,
			);
			sourceTree = "<group>";
		};
		1617CA95195A859C00F0A4D5 /* Products */ = {
			isa = PBXGroup;
			children = (
				1617CA94195A859C00F0A4D5 /* WebTableView.app */,
				1617CAAD195A859C00F0A4D5 /* WebTableViewTests.xctest */,
			);
			name = Products;
			sourceTree = "<group>";
		};
		1617CA96195A859C00F0A4D5 /* WebTableView */ = {
			isa = PBXGroup;
			children = (
				1617CA9B195A859C00F0A4D5 /* AppDelegate.h */,
				1617CA9C195A859C00F0A4D5 /* AppDelegate.m */,
				1617CAA1195A859C00F0A4D5 /* ViewController.h */,
				1617CAA2195A859C00F0A4D5 /* ViewController.m */,
				1617CAA4195A859C00F0A4D5 /* Main.storyboard */,
				1617CAA7195A859C00F0A4D5 /* Images.xcassets */,
				1617CA9E195A859C00F0A4D5 /* WebTableView.xcdatamodeld */,
				1617CA97195A859C00F0A4D5 /* Supporting Files */,
			);
			path = WebTableView;
			sourceTree = "<group>";
		};
		1617CA97195A859C00F0A4D5 /* Supporting Files */ = {
			isa = PBXGroup;
			children = (
				1617CA98195A859C00F0A4D5 /* Info.plist */,
				1617CA99195A859C00F0A4D5 /* main.m */,
			);
			name = "Supporting Files";
			sourceTree = "<group>";
		};
		1617CAB0195A859C00F0A4D5 /* WebTableViewTests */ = {
			isa = PBXGroup;
			children = (
				1617CAB3195A859C00F0A4D5 /* WebTableViewTests.m */,
				1617CAB1195A859C00F0A4D5 /* Supporting Files */,
			);
			path = WebTableViewTests;
			sourceTree = "<group>";
		};
		1617CAB1195A859C00F0A4D5 /* Supporting Files */ = {
			isa = PBXGroup;
			children = (
				1617CAB2195A859C00F0A4D5 /* Info.plist */,
			);
			name = "Supporting Files";
			sourceTree = "<group>";
		};
/* End PBXGroup section */

/* Begin PBXNativeTarget section */
		1617CA93195A859C00F0A4D5 /* WebTableView */ = {
			isa = PBXNativeTarget;
			buildConfigurationList = 1617CAB7195A859C00F0A4D5 /* Build configuration list for PBXNativeTarget "WebTableView" */;
			buildPhases = (
				1617CA90195A859C00F0A4D5 /* Sources */,
				1617CA91195A859C00F0A4D5 /* Frameworks */,
				1617CA92195A859C00F0A4D5 /* Resources */,
			);
			buildRules = (
			);
			dependencies = (
			);
			name = WebTableView;
			productName = WebTableView;
			productReference = 1617CA94195A859C00F0A4D5 /* WebTableView.app */;
			productType = "com.apple.product-type.application";
		};
		1617CAAC195A859C00F0A4D5 /* WebTableViewTests */ = {
			isa = PBXNativeTarget;
			buildConfigurationList = 1617CABA195A859C00F0A4D5 /* Build configuration list for PBXNativeTarget "WebTableViewTests" */;
			buildPhases = (
				1617CAA9195A859C00F0A4D5 /* Sources */,
				1617CAAA195A859C00F0A4D5 /* Frameworks */,
				1617CAAB195A859C00F0A4D5 /* Resources */,
			);
			buildRules = (
			);
			dependencies = (
				1617CAAF195A859C00F0A4D5 /* PBXTargetDependency */,
			);
			name = WebTableViewTests;
			productName = WebTableViewTests;
			productReference = 1617CAAD195A859C00F0A4D5 /* WebTableViewTests.xctest */;
			productType = "com.apple.product-type.bundle.unit-test";
		};
/* End PBXNativeTarget section */

/* Begin PBXProject section */
		1617CA8C195A859C00F0A4D5 /* Project object */ = {
			isa = PBXProject;
			attributes = {
				LastUpgradeCheck = 0600;
				ORGANIZATIONNAME = "76 Labs";
				TargetAttributes = {
					1617CA93195A859C00F0A4D5 = {
						CreatedOnToolsVersion = 6.0;
					};
					1617CAAC195A859C00F0A4D5 = {
						CreatedOnToolsVersion = 6.0;
						TestTargetID = 1617CA93195A859C00F0A4D5;
					};
				};
			};
			buildConfigurationList = 1617CA8F195A859C00F0A4D5 /* Build configuration list for PBXProject "WebTableView" */;
			compatibilityVersion = "Xcode 3.2";
			developmentRegion = English;
			hasScannedForEncodings = 0;
			knownRegions = (
				en,
				Base,
			);
			mainGroup = 1617CA8B195A859C00F0A4D5;
			productRefGroup = 1617CA95195A859C00F0A4D5 /* Products */;
			projectDirPath = "";
			projectRoot = "";
			targets = (
				1617CA93195A859C00F0A4D5 /* WebTableView */,
				1617CAAC195A859C00F0A4D5 /* WebTableViewTests */,
			);
		};
/* End PBXProject section */

/* Begin PBXResourcesBuildPhase section */
		1617CA92195A859C00F0A4D5 /* Resources */ = {
			isa = PBXResourcesBuildPhase;
			buildActionMask = 2147483647;
			files = (
				1617CAA6195A859C00F0A4D5 /* Main.storyboard in Resources */,
				1617CAA8195A859C00F0A4D5 /* Images.xcassets in Resources */,
			);
			runOnlyForDeploymentPostprocessing = 0;
		};
		1617CAAB195A859C00F0A4D5 /* Resources */ = {
			isa = PBXResourcesBuildPhase;
			buildActionMask = 2147483647;
			files = (
			);
			runOnlyForDeploymentPostprocessing = 0;
		};
/* End PBXResourcesBuildPhase section */

/* Begin PBXSourcesBuildPhase section */
		1617CA90195A859C00F0A4D5 /* Sources */ = {
			isa = PBXSourcesBuildPhase;
			buildActionMask = 2147483647;
			files = (
				1617CA9D195A859C00F0A4D5 /* AppDelegate.m in Sources */,
				1617CAA0195A859C00F0A4D5 /* WebTableView.xcdatamodeld in Sources */,
				1617CAA3195A859C00F0A4D5 /* ViewController.m in Sources */,
				1617CA9A195A859C00F0A4D5 /* main.m in Sources */,
			);
			runOnlyForDeploymentPostprocessing = 0;
		};
		1617CAA9195A859C00F0A4D5 /* Sources */ = {
			isa = PBXSourcesBuildPhase;
			buildActionMask = 2147483647;
			files = (
				1617CAB4195A859C00F0A4D5 /* WebTableViewTests.m in Sources */,
			);
			runOnlyForDeploymentPostprocessing = 0;
		};
/* End PBXSourcesBuildPhase section */

/* Begin PBXTargetDependency section */
		1617CAAF195A859C00F0A4D5 /* PBXTargetDependency */ = {
			isa = PBXTargetDependency;
			target = 1617CA93195A859C00F0A4D5 /* WebTableView */;
			targetProxy = 1617CAAE195A859C00F0A4D5 /* PBXContainerItemProxy */;
		};
/* End PBXTargetDependency section */

/* Begin PBXVariantGroup section */
		1617CAA4195A859C00F0A4D5 /* Main.storyboard */ = {
			isa = PBXVariantGroup;
			children = (
				1617CAA5195A859C00F0A4D5 /* Base */,
			);
			name = Main.storyboard;
			sourceTree = "<group>";
		};
/* End PBXVariantGroup section */

/* Begin XCBuildConfiguration section */
		1617CAB5195A859C00F0A4D5 /* Debug */ = {
			isa = XCBuildConfiguration;
			buildSettings = {
				ALWAYS_SEARCH_USER_PATHS = NO;
				CLANG_CXX_LANGUAGE_STANDARD = "gnu++0x";
				CLANG_CXX_LIBRARY = "libc++";
				CLANG_ENABLE_MODULES = YES;
				CLANG_ENABLE_OBJC_ARC = YES;
				CLANG_WARN_BOOL_CONVERSION = YES;
				CLANG_WARN_CONSTANT_CONVERSION = YES;
				CLANG_WARN_DIRECT_OBJC_ISA_USAGE = YES_ERROR;
				CLANG_WARN_EMPTY_BODY = YES;
				CLANG_WARN_ENUM_CONVERSION = YES;
				CLANG_WARN_INT_CONVERSION = YES;
				CLANG_WARN_OBJC_ROOT_CLASS = YES_ERROR;
				CLANG_WARN_UNREACHABLE_CODE = YES;
				CLANG_WARN__DUPLICATE_METHOD_MATCH = YES;
				"CODE_SIGN_IDENTITY[sdk=iphoneos*]" = "iPhone Developer";
				COPY_PHASE_STRIP = NO;
				ENABLE_STRICT_OBJC_MSGSEND = YES;
				GCC_C_LANGUAGE_STANDARD = gnu99;
				GCC_DYNAMIC_NO_PIC = NO;
				GCC_OPTIMIZATION_LEVEL = 0;
				GCC_PREPROCESSOR_DEFINITIONS = (
					"DEBUG=1",
					"$(inherited)",
				);
				GCC_SYMBOLS_PRIVATE_EXTERN = NO;
				GCC_WARN_64_TO_32_BIT_CONVERSION = YES;
				GCC_WARN_ABOUT_RETURN_TYPE = YES_ERROR;
				GCC_WARN_UNDECLARED_SELECTOR = YES;
				GCC_WARN_UNINITIALIZED_AUTOS = YES_AGGRESSIVE;
				GCC_WARN_UNUSED_FUNCTION = YES;
				GCC_WARN_UNUSED_VARIABLE = YES;
				IPHONEOS_DEPLOYMENT_TARGET = 8.0;
				METAL_ENABLE_DEBUG_INFO = YES;
				ONLY_ACTIVE_ARCH = YES;
				SDKROOT = iphoneos;
			};
			name = Debug;
		};
		1617CAB6195A859C00F0A4D5 /* Release */ = {
			isa = XCBuildConfiguration;
			buildSettings = {
				ALWAYS_SEARCH_USER_PATHS = NO;
				CLANG_CXX_LANGUAGE_STANDARD = "gnu++0x";
				CLANG_CXX_LIBRARY = "libc++";
				CLANG_ENABLE_MODULES = YES;
				CLANG_ENABLE_OBJC_ARC = YES;
				CLANG_WARN_BOOL_CONVERSION = YES;
				CLANG_WARN_CONSTANT_CONVERSION = YES;
				CLANG_WARN_DIRECT_OBJC_ISA_USAGE = YES_ERROR;
				CLANG_WARN_EMPTY_BODY = YES;
				CLANG_WARN_ENUM_CONVERSION = YES;
				CLANG_WARN_INT_CONVERSION = YES;
				CLANG_WARN_OBJC_ROOT_CLASS = YES_ERROR;
				CLANG_WARN_UNREACHABLE_CODE = YES;
				CLANG_WARN__DUPLICATE_METHOD_MATCH = YES;
				"CODE_SIGN_IDENTITY[sdk=iphoneos*]" = "iPhone Developer";
				COPY_PHASE_STRIP = YES;
				ENABLE_NS_ASSERTIONS = NO;
				ENABLE_STRICT_OBJC_MSGSEND = YES;
				GCC_C_LANGUAGE_STANDARD = gnu99;
				GCC_WARN_64_TO_32_BIT_CONVERSION = YES;
				GCC_WARN_ABOUT_RETURN_TYPE = YES_ERROR;
				GCC_WARN_UNDECLARED_SELECTOR = YES;
				GCC_WARN_UNINITIALIZED_AUTOS = YES_AGGRESSIVE;
				GCC_WARN_UNUSED_FUNCTION = YES;
				GCC_WARN_UNUSED_VARIABLE = YES;
				IPHONEOS_DEPLOYMENT_TARGET = 8.0;
				METAL_ENABLE_DEBUG_INFO = NO;
				SDKROOT = iphoneos;
				VALIDATE_PRODUCT = YES;
			};
			name = Release;
		};
		1617CAB8195A859C00F0A4D5 /* Debug */ = {
			isa = XCBuildConfiguration;
			buildSettings = {
				ASSETCATALOG_COMPILER_APPICON_NAME = AppIcon;
				ASSETCATALOG_COMPILER_LAUNCHIMAGE_NAME = LaunchImage;
				INFOPLIST_FILE = WebTableView/Info.plist;
				LD_RUNPATH_SEARCH_PATHS = "$(inherited) @executable_path/Frameworks";
				PRODUCT_NAME = "$(TARGET_NAME)";
			};
			name = Debug;
		};
		1617CAB9195A859C00F0A4D5 /* Release */ = {
			isa = XCBuildConfiguration;
			buildSettings = {
				ASSETCATALOG_COMPILER_APPICON_NAME = AppIcon;
				ASSETCATALOG_COMPILER_LAUNCHIMAGE_NAME = LaunchImage;
				INFOPLIST_FILE = WebTableView/Info.plist;
				LD_RUNPATH_SEARCH_PATHS = "$(inherited) @executable_path/Frameworks";
				PRODUCT_NAME = "$(TARGET_NAME)";
			};
			name = Release;
		};
		1617CABB195A859C00F0A4D5 /* Debug */ = {
			isa = XCBuildConfiguration;
			buildSettings = {
				BUNDLE_LOADER = "$(BUILT_PRODUCTS_DIR)/WebTableView.app/WebTableView";
				FRAMEWORK_SEARCH_PATHS = (
					"$(SDKROOT)/Developer/Library/Frameworks",
					"$(inherited)",
				);
				GCC_PREPROCESSOR_DEFINITIONS = (
					"DEBUG=1",
					"$(inherited)",
				);
				INFOPLIST_FILE = WebTableViewTests/Info.plist;
				LD_RUNPATH_SEARCH_PATHS = "$(inherited) @executable_path/Frameworks @loader_path/Frameworks";
				METAL_ENABLE_DEBUG_INFO = YES;
				PRODUCT_NAME = "$(TARGET_NAME)";
				TEST_HOST = "$(BUNDLE_LOADER)";
			};
			name = Debug;
		};
		1617CABC195A859C00F0A4D5 /* Release */ = {
			isa = XCBuildConfiguration;
			buildSettings = {
				BUNDLE_LOADER = "$(BUILT_PRODUCTS_DIR)/WebTableView.app/WebTableView";
				FRAMEWORK_SEARCH_PATHS = (
					"$(SDKROOT)/Developer/Library/Frameworks",
					"$(inherited)",
				);
				INFOPLIST_FILE = WebTableViewTests/Info.plist;
				LD_RUNPATH_SEARCH_PATHS = "$(inherited) @executable_path/Frameworks @loader_path/Frameworks";
				METAL_ENABLE_DEBUG_INFO = NO;
				PRODUCT_NAME = "$(TARGET_NAME)";
				TEST_HOST = "$(BUNDLE_LOADER)";
			};
			name = Release;
		};
/* End XCBuildConfiguration section */

/* Begin XCConfigurationList section */
		1617CA8F195A859C00F0A4D5 /* Build configuration list for PBXProject "WebTableView" */ = {
			isa = XCConfigurationList;
			buildConfigurations = (
				1617CAB5195A859C00F0A4D5 /* Debug */,
				1617CAB6195A859C00F0A4D5 /* Release */,
			);
			defaultConfigurationIsVisible = 0;
			defaultConfigurationName = Release;
		};
		1617CAB7195A859C00F0A4D5 /* Build configuration list for PBXNativeTarget "WebTableView" */ = {
			isa = XCConfigurationList;
			buildConfigurations = (
				1617CAB8195A859C00F0A4D5 /* Debug */,
				1617CAB9195A859C00F0A4D5 /* Release */,
			);
			defaultConfigurationIsVisible = 0;
		};
		1617CABA195A859C00F0A4D5 /* Build configuration list for PBXNativeTarget "WebTableViewTests" */ = {
			isa = XCConfigurationList;
			buildConfigurations = (
				1617CABB195A859C00F0A4D5 /* Debug */,
				1617CABC195A859C00F0A4D5 /* Release */,
			);
			defaultConfigurationIsVisible = 0;
		};
/* End XCConfigurationList section */

/* Begin XCVersionGroup section */
		1617CA9E195A859C00F0A4D5 /* WebTableView.xcdatamodeld */ = {
			isa = XCVersionGroup;
			children = (
				1617CA9F195A859C00F0A4D5 /* WebTableView.xcdatamodel */,
			);
			currentVersion = 1617CA9F195A859C00F0A4D5 /* WebTableView.xcdatamodel */;
			path = WebTableView.xcdatamodeld;
			sourceTree = "<group>";
			versionGroupType = wrapper.xcdatamodel;
		};
/* End XCVersionGroup section */
	};
	rootObject = 1617CA8C195A859C00F0A4D5 /* Project object */;
}
